// !$*UTF8*$!
{
	archiveVersion = 1;
	classes = {
	};
	objectVersion = 46;
	objects = {

/* Begin PBXBuildFile section */
		964074E71C2092F5003403CB /* MakeChoreViewController.m in Sources */ = {isa = PBXBuildFile; fileRef = 964074E61C2092F5003403CB /* MakeChoreViewController.m */; };
		964074EA1C209DEC003403CB /* AssignChoreViewController.m in Sources */ = {isa = PBXBuildFile; fileRef = 964074E91C209DEC003403CB /* AssignChoreViewController.m */; };
		964074ED1C209EA0003403CB /* Constants.m in Sources */ = {isa = PBXBuildFile; fileRef = 964074EC1C209EA0003403CB /* Constants.m */; };
		964074F01C20A9A9003403CB /* Person+CoreDataProperties.m in Sources */ = {isa = PBXBuildFile; fileRef = 964074EF1C20A9A9003403CB /* Person+CoreDataProperties.m */; };
		966C01681C1F61B30028CBF7 /* TimeService.m in Sources */ = {isa = PBXBuildFile; fileRef = 966C01671C1F61B30028CBF7 /* TimeService.m */; };
		96F653C41C1F3EF60098A317 /* PeaceKeeper.xcdatamodeld in Sources */ = {isa = PBXBuildFile; fileRef = 96F653C21C1F3EF60098A317 /* PeaceKeeper.xcdatamodeld */; };
		96F653D11C1F3F060098A317 /* Chore+CoreDataProperties.m in Sources */ = {isa = PBXBuildFile; fileRef = 96F653C61C1F3F060098A317 /* Chore+CoreDataProperties.m */; };
		96F653D21C1F3F060098A317 /* Chore.m in Sources */ = {isa = PBXBuildFile; fileRef = 96F653C81C1F3F060098A317 /* Chore.m */; };
		96F653D31C1F3F060098A317 /* Household+CoreDataProperties.m in Sources */ = {isa = PBXBuildFile; fileRef = 96F653CA1C1F3F060098A317 /* Household+CoreDataProperties.m */; };
		96F653D41C1F3F060098A317 /* Household.m in Sources */ = {isa = PBXBuildFile; fileRef = 96F653CC1C1F3F060098A317 /* Household.m */; };
		96F653D61C1F3F060098A317 /* Person.m in Sources */ = {isa = PBXBuildFile; fileRef = 96F653D01C1F3F060098A317 /* Person.m */; };
		96F654071C1F4BD50098A317 /* CompletedChore+CoreDataProperties.m in Sources */ = {isa = PBXBuildFile; fileRef = 96F654041C1F4BD50098A317 /* CompletedChore+CoreDataProperties.m */; };
		96F654081C1F4BD50098A317 /* CompletedChore.m in Sources */ = {isa = PBXBuildFile; fileRef = 96F654061C1F4BD50098A317 /* CompletedChore.m */; };
		96F654111C1F50C80098A317 /* NSManagedObjectContext+Category.m in Sources */ = {isa = PBXBuildFile; fileRef = 96F654101C1F50C80098A317 /* NSManagedObjectContext+Category.m */; };
		A96740A31C1F49830021DB71 /* CreateHouseholdViewController.m in Sources */ = {isa = PBXBuildFile; fileRef = A96740A21C1F49830021DB71 /* CreateHouseholdViewController.m */; };
		C137BA3E1C1F38D70075B349 /* main.m in Sources */ = {isa = PBXBuildFile; fileRef = C137BA3D1C1F38D70075B349 /* main.m */; };
		C137BA411C1F38D80075B349 /* AppDelegate.m in Sources */ = {isa = PBXBuildFile; fileRef = C137BA401C1F38D80075B349 /* AppDelegate.m */; };
		C137BA441C1F38D80075B349 /* ViewController.m in Sources */ = {isa = PBXBuildFile; fileRef = C137BA431C1F38D80075B349 /* ViewController.m */; };
		C137BA471C1F38D80075B349 /* Main.storyboard in Resources */ = {isa = PBXBuildFile; fileRef = C137BA451C1F38D80075B349 /* Main.storyboard */; };
		C137BA4C1C1F38D80075B349 /* Assets.xcassets in Resources */ = {isa = PBXBuildFile; fileRef = C137BA4B1C1F38D80075B349 /* Assets.xcassets */; };
		C137BA4F1C1F38D80075B349 /* LaunchScreen.storyboard in Resources */ = {isa = PBXBuildFile; fileRef = C137BA4D1C1F38D80075B349 /* LaunchScreen.storyboard */; };
		C137BA5A1C1F38D80075B349 /* PeaceKeeperTests.m in Sources */ = {isa = PBXBuildFile; fileRef = C137BA591C1F38D80075B349 /* PeaceKeeperTests.m */; };
		C137BA651C1F38D80075B349 /* PeaceKeeperUITests.m in Sources */ = {isa = PBXBuildFile; fileRef = C137BA641C1F38D80075B349 /* PeaceKeeperUITests.m */; };
/* End PBXBuildFile section */

/* Begin PBXContainerItemProxy section */
		C137BA561C1F38D80075B349 /* PBXContainerItemProxy */ = {
			isa = PBXContainerItemProxy;
			containerPortal = C137BA311C1F38D70075B349 /* Project object */;
			proxyType = 1;
			remoteGlobalIDString = C137BA381C1F38D70075B349;
			remoteInfo = PeaceKeeper;
		};
		C137BA611C1F38D80075B349 /* PBXContainerItemProxy */ = {
			isa = PBXContainerItemProxy;
			containerPortal = C137BA311C1F38D70075B349 /* Project object */;
			proxyType = 1;
			remoteGlobalIDString = C137BA381C1F38D70075B349;
			remoteInfo = PeaceKeeper;
		};
/* End PBXContainerItemProxy section */

/* Begin PBXFileReference section */
		964074E51C2092F5003403CB /* MakeChoreViewController.h */ = {isa = PBXFileReference; fileEncoding = 4; lastKnownFileType = sourcecode.c.h; path = MakeChoreViewController.h; sourceTree = "<group>"; };
		964074E61C2092F5003403CB /* MakeChoreViewController.m */ = {isa = PBXFileReference; fileEncoding = 4; lastKnownFileType = sourcecode.c.objc; path = MakeChoreViewController.m; sourceTree = "<group>"; };
		964074E81C209DEC003403CB /* AssignChoreViewController.h */ = {isa = PBXFileReference; fileEncoding = 4; lastKnownFileType = sourcecode.c.h; path = AssignChoreViewController.h; sourceTree = "<group>"; };
		964074E91C209DEC003403CB /* AssignChoreViewController.m */ = {isa = PBXFileReference; fileEncoding = 4; lastKnownFileType = sourcecode.c.objc; path = AssignChoreViewController.m; sourceTree = "<group>"; };
		964074EB1C209EA0003403CB /* Constants.h */ = {isa = PBXFileReference; fileEncoding = 4; lastKnownFileType = sourcecode.c.h; path = Constants.h; sourceTree = "<group>"; };
		964074EC1C209EA0003403CB /* Constants.m */ = {isa = PBXFileReference; fileEncoding = 4; lastKnownFileType = sourcecode.c.objc; path = Constants.m; sourceTree = "<group>"; };
		964074EE1C20A9A9003403CB /* Person+CoreDataProperties.h */ = {isa = PBXFileReference; fileEncoding = 4; lastKnownFileType = sourcecode.c.h; path = "Person+CoreDataProperties.h"; sourceTree = "<group>"; };
		964074EF1C20A9A9003403CB /* Person+CoreDataProperties.m */ = {isa = PBXFileReference; fileEncoding = 4; lastKnownFileType = sourcecode.c.objc; path = "Person+CoreDataProperties.m"; sourceTree = "<group>"; };
		966C01661C1F61B30028CBF7 /* TimeService.h */ = {isa = PBXFileReference; fileEncoding = 4; lastKnownFileType = sourcecode.c.h; path = TimeService.h; sourceTree = "<group>"; };
		966C01671C1F61B30028CBF7 /* TimeService.m */ = {isa = PBXFileReference; fileEncoding = 4; lastKnownFileType = sourcecode.c.objc; path = TimeService.m; sourceTree = "<group>"; };
		96F653C31C1F3EF60098A317 /* PeaceKeeper.xcdatamodel */ = {isa = PBXFileReference; lastKnownFileType = wrapper.xcdatamodel; path = PeaceKeeper.xcdatamodel; sourceTree = "<group>"; };
		96F653C51C1F3F060098A317 /* Chore+CoreDataProperties.h */ = {isa = PBXFileReference; fileEncoding = 4; lastKnownFileType = sourcecode.c.h; path = "Chore+CoreDataProperties.h"; sourceTree = "<group>"; };
		96F653C61C1F3F060098A317 /* Chore+CoreDataProperties.m */ = {isa = PBXFileReference; fileEncoding = 4; lastKnownFileType = sourcecode.c.objc; path = "Chore+CoreDataProperties.m"; sourceTree = "<group>"; };
		96F653C71C1F3F060098A317 /* Chore.h */ = {isa = PBXFileReference; fileEncoding = 4; lastKnownFileType = sourcecode.c.h; path = Chore.h; sourceTree = "<group>"; };
		96F653C81C1F3F060098A317 /* Chore.m */ = {isa = PBXFileReference; fileEncoding = 4; lastKnownFileType = sourcecode.c.objc; path = Chore.m; sourceTree = "<group>"; };
		96F653C91C1F3F060098A317 /* Household+CoreDataProperties.h */ = {isa = PBXFileReference; fileEncoding = 4; lastKnownFileType = sourcecode.c.h; path = "Household+CoreDataProperties.h"; sourceTree = "<group>"; };
		96F653CA1C1F3F060098A317 /* Household+CoreDataProperties.m */ = {isa = PBXFileReference; fileEncoding = 4; lastKnownFileType = sourcecode.c.objc; path = "Household+CoreDataProperties.m"; sourceTree = "<group>"; };
		96F653CB1C1F3F060098A317 /* Household.h */ = {isa = PBXFileReference; fileEncoding = 4; lastKnownFileType = sourcecode.c.h; path = Household.h; sourceTree = "<group>"; };
		96F653CC1C1F3F060098A317 /* Household.m */ = {isa = PBXFileReference; fileEncoding = 4; lastKnownFileType = sourcecode.c.objc; path = Household.m; sourceTree = "<group>"; };
		96F653CF1C1F3F060098A317 /* Person.h */ = {isa = PBXFileReference; fileEncoding = 4; lastKnownFileType = sourcecode.c.h; path = Person.h; sourceTree = "<group>"; };
		96F653D01C1F3F060098A317 /* Person.m */ = {isa = PBXFileReference; fileEncoding = 4; lastKnownFileType = sourcecode.c.objc; path = Person.m; sourceTree = "<group>"; };
		96F654031C1F4BD50098A317 /* CompletedChore+CoreDataProperties.h */ = {isa = PBXFileReference; fileEncoding = 4; lastKnownFileType = sourcecode.c.h; path = "CompletedChore+CoreDataProperties.h"; sourceTree = "<group>"; };
		96F654041C1F4BD50098A317 /* CompletedChore+CoreDataProperties.m */ = {isa = PBXFileReference; fileEncoding = 4; lastKnownFileType = sourcecode.c.objc; path = "CompletedChore+CoreDataProperties.m"; sourceTree = "<group>"; };
		96F654051C1F4BD50098A317 /* CompletedChore.h */ = {isa = PBXFileReference; fileEncoding = 4; lastKnownFileType = sourcecode.c.h; path = CompletedChore.h; sourceTree = "<group>"; };
		96F654061C1F4BD50098A317 /* CompletedChore.m */ = {isa = PBXFileReference; fileEncoding = 4; lastKnownFileType = sourcecode.c.objc; path = CompletedChore.m; sourceTree = "<group>"; };
		96F6540F1C1F50C80098A317 /* NSManagedObjectContext+Category.h */ = {isa = PBXFileReference; fileEncoding = 4; lastKnownFileType = sourcecode.c.h; path = "NSManagedObjectContext+Category.h"; sourceTree = "<group>"; };
		96F654101C1F50C80098A317 /* NSManagedObjectContext+Category.m */ = {isa = PBXFileReference; fileEncoding = 4; lastKnownFileType = sourcecode.c.objc; path = "NSManagedObjectContext+Category.m"; sourceTree = "<group>"; };
		A96740A11C1F49830021DB71 /* CreateHouseholdViewController.h */ = {isa = PBXFileReference; fileEncoding = 4; lastKnownFileType = sourcecode.c.h; path = CreateHouseholdViewController.h; sourceTree = "<group>"; };
		A96740A21C1F49830021DB71 /* CreateHouseholdViewController.m */ = {isa = PBXFileReference; fileEncoding = 4; lastKnownFileType = sourcecode.c.objc; path = CreateHouseholdViewController.m; sourceTree = "<group>"; };
		C137BA391C1F38D70075B349 /* PeaceKeeper.app */ = {isa = PBXFileReference; explicitFileType = wrapper.application; includeInIndex = 0; path = PeaceKeeper.app; sourceTree = BUILT_PRODUCTS_DIR; };
		C137BA3D1C1F38D70075B349 /* main.m */ = {isa = PBXFileReference; lastKnownFileType = sourcecode.c.objc; path = main.m; sourceTree = "<group>"; };
		C137BA3F1C1F38D70075B349 /* AppDelegate.h */ = {isa = PBXFileReference; lastKnownFileType = sourcecode.c.h; path = AppDelegate.h; sourceTree = "<group>"; };
		C137BA401C1F38D80075B349 /* AppDelegate.m */ = {isa = PBXFileReference; lastKnownFileType = sourcecode.c.objc; path = AppDelegate.m; sourceTree = "<group>"; };
		C137BA421C1F38D80075B349 /* ViewController.h */ = {isa = PBXFileReference; lastKnownFileType = sourcecode.c.h; path = ViewController.h; sourceTree = "<group>"; };
		C137BA431C1F38D80075B349 /* ViewController.m */ = {isa = PBXFileReference; lastKnownFileType = sourcecode.c.objc; path = ViewController.m; sourceTree = "<group>"; };
		C137BA461C1F38D80075B349 /* Base */ = {isa = PBXFileReference; lastKnownFileType = file.storyboard; name = Base; path = Base.lproj/Main.storyboard; sourceTree = "<group>"; };
		C137BA4B1C1F38D80075B349 /* Assets.xcassets */ = {isa = PBXFileReference; lastKnownFileType = folder.assetcatalog; path = Assets.xcassets; sourceTree = "<group>"; };
		C137BA4E1C1F38D80075B349 /* Base */ = {isa = PBXFileReference; lastKnownFileType = file.storyboard; name = Base; path = Base.lproj/LaunchScreen.storyboard; sourceTree = "<group>"; };
		C137BA501C1F38D80075B349 /* Info.plist */ = {isa = PBXFileReference; lastKnownFileType = text.plist.xml; path = Info.plist; sourceTree = "<group>"; };
		C137BA551C1F38D80075B349 /* PeaceKeeperTests.xctest */ = {isa = PBXFileReference; explicitFileType = wrapper.cfbundle; includeInIndex = 0; path = PeaceKeeperTests.xctest; sourceTree = BUILT_PRODUCTS_DIR; };
		C137BA591C1F38D80075B349 /* PeaceKeeperTests.m */ = {isa = PBXFileReference; lastKnownFileType = sourcecode.c.objc; path = PeaceKeeperTests.m; sourceTree = "<group>"; };
		C137BA5B1C1F38D80075B349 /* Info.plist */ = {isa = PBXFileReference; lastKnownFileType = text.plist.xml; path = Info.plist; sourceTree = "<group>"; };
		C137BA601C1F38D80075B349 /* PeaceKeeperUITests.xctest */ = {isa = PBXFileReference; explicitFileType = wrapper.cfbundle; includeInIndex = 0; path = PeaceKeeperUITests.xctest; sourceTree = BUILT_PRODUCTS_DIR; };
		C137BA641C1F38D80075B349 /* PeaceKeeperUITests.m */ = {isa = PBXFileReference; lastKnownFileType = sourcecode.c.objc; path = PeaceKeeperUITests.m; sourceTree = "<group>"; };
		C137BA661C1F38D80075B349 /* Info.plist */ = {isa = PBXFileReference; lastKnownFileType = text.plist.xml; path = Info.plist; sourceTree = "<group>"; };
/* End PBXFileReference section */

/* Begin PBXFrameworksBuildPhase section */
		C137BA361C1F38D70075B349 /* Frameworks */ = {
			isa = PBXFrameworksBuildPhase;
			buildActionMask = 2147483647;
			files = (
			);
			runOnlyForDeploymentPostprocessing = 0;
		};
		C137BA521C1F38D80075B349 /* Frameworks */ = {
			isa = PBXFrameworksBuildPhase;
			buildActionMask = 2147483647;
			files = (
			);
			runOnlyForDeploymentPostprocessing = 0;
		};
		C137BA5D1C1F38D80075B349 /* Frameworks */ = {
			isa = PBXFrameworksBuildPhase;
			buildActionMask = 2147483647;
			files = (
			);
			runOnlyForDeploymentPostprocessing = 0;
		};
/* End PBXFrameworksBuildPhase section */

/* Begin PBXGroup section */
		96F653D71C1F3F0B0098A317 /* Model */ = {
			isa = PBXGroup;
			children = (
				96F6540F1C1F50C80098A317 /* NSManagedObjectContext+Category.h */,
				96F654101C1F50C80098A317 /* NSManagedObjectContext+Category.m */,
				96F653D81C1F3F190098A317 /* Categories */,
				96F654051C1F4BD50098A317 /* CompletedChore.h */,
				96F654061C1F4BD50098A317 /* CompletedChore.m */,
				96F653C71C1F3F060098A317 /* Chore.h */,
				96F653C81C1F3F060098A317 /* Chore.m */,
				96F653CB1C1F3F060098A317 /* Household.h */,
				96F653CC1C1F3F060098A317 /* Household.m */,
				96F653CF1C1F3F060098A317 /* Person.h */,
				96F653D01C1F3F060098A317 /* Person.m */,
				96F653C21C1F3EF60098A317 /* PeaceKeeper.xcdatamodeld */,
			);
			name = Model;
			path = ..;
			sourceTree = "<group>";
		};
		96F653D81C1F3F190098A317 /* Categories */ = {
			isa = PBXGroup;
			children = (
				96F654031C1F4BD50098A317 /* CompletedChore+CoreDataProperties.h */,
				96F654041C1F4BD50098A317 /* CompletedChore+CoreDataProperties.m */,
				96F653C51C1F3F060098A317 /* Chore+CoreDataProperties.h */,
				96F653C61C1F3F060098A317 /* Chore+CoreDataProperties.m */,
				96F653C91C1F3F060098A317 /* Household+CoreDataProperties.h */,
				96F653CA1C1F3F060098A317 /* Household+CoreDataProperties.m */,
				964074EE1C20A9A9003403CB /* Person+CoreDataProperties.h */,
				964074EF1C20A9A9003403CB /* Person+CoreDataProperties.m */,
			);
			name = Categories;
			sourceTree = "<group>";
		};
		C137BA301C1F38D70075B349 = {
			isa = PBXGroup;
			children = (
				C137BA451C1F38D80075B349 /* Main.storyboard */,
				C137BA3B1C1F38D70075B349 /* PeaceKeeper */,
				C137BA581C1F38D80075B349 /* PeaceKeeperTests */,
				C137BA631C1F38D80075B349 /* PeaceKeeperUITests */,
				C137BA3A1C1F38D70075B349 /* Products */,
			);
			sourceTree = "<group>";
		};
		C137BA3A1C1F38D70075B349 /* Products */ = {
			isa = PBXGroup;
			children = (
				C137BA391C1F38D70075B349 /* PeaceKeeper.app */,
				C137BA551C1F38D80075B349 /* PeaceKeeperTests.xctest */,
				C137BA601C1F38D80075B349 /* PeaceKeeperUITests.xctest */,
			);
			name = Products;
			sourceTree = "<group>";
		};
		C137BA3B1C1F38D70075B349 /* PeaceKeeper */ = {
			isa = PBXGroup;
			children = (
				C137BA3F1C1F38D70075B349 /* AppDelegate.h */,
				C137BA401C1F38D80075B349 /* AppDelegate.m */,
				964074EB1C209EA0003403CB /* Constants.h */,
				964074EC1C209EA0003403CB /* Constants.m */,
				C137BA421C1F38D80075B349 /* ViewController.h */,
				C137BA431C1F38D80075B349 /* ViewController.m */,
				A96740A11C1F49830021DB71 /* CreateHouseholdViewController.h */,
				A96740A21C1F49830021DB71 /* CreateHouseholdViewController.m */,
				966C01661C1F61B30028CBF7 /* TimeService.h */,
				966C01671C1F61B30028CBF7 /* TimeService.m */,
				964074E51C2092F5003403CB /* MakeChoreViewController.h */,
				964074E61C2092F5003403CB /* MakeChoreViewController.m */,
				964074E81C209DEC003403CB /* AssignChoreViewController.h */,
				964074E91C209DEC003403CB /* AssignChoreViewController.m */,
				96F653D71C1F3F0B0098A317 /* Model */,
				C137BA4B1C1F38D80075B349 /* Assets.xcassets */,
				C137BA4D1C1F38D80075B349 /* LaunchScreen.storyboard */,
				C137BA501C1F38D80075B349 /* Info.plist */,
				C137BA3C1C1F38D70075B349 /* Supporting Files */,
			);
			path = PeaceKeeper;
			sourceTree = "<group>";
		};
		C137BA3C1C1F38D70075B349 /* Supporting Files */ = {
			isa = PBXGroup;
			children = (
				C137BA3D1C1F38D70075B349 /* main.m */,
			);
			name = "Supporting Files";
			sourceTree = "<group>";
		};
		C137BA581C1F38D80075B349 /* PeaceKeeperTests */ = {
			isa = PBXGroup;
			children = (
				C137BA591C1F38D80075B349 /* PeaceKeeperTests.m */,
				C137BA5B1C1F38D80075B349 /* Info.plist */,
			);
			path = PeaceKeeperTests;
			sourceTree = "<group>";
		};
		C137BA631C1F38D80075B349 /* PeaceKeeperUITests */ = {
			isa = PBXGroup;
			children = (
				C137BA641C1F38D80075B349 /* PeaceKeeperUITests.m */,
				C137BA661C1F38D80075B349 /* Info.plist */,
			);
			path = PeaceKeeperUITests;
			sourceTree = "<group>";
		};
/* End PBXGroup section */

/* Begin PBXNativeTarget section */
		C137BA381C1F38D70075B349 /* PeaceKeeper */ = {
			isa = PBXNativeTarget;
			buildConfigurationList = C137BA691C1F38D80075B349 /* Build configuration list for PBXNativeTarget "PeaceKeeper" */;
			buildPhases = (
				C137BA351C1F38D70075B349 /* Sources */,
				C137BA361C1F38D70075B349 /* Frameworks */,
				C137BA371C1F38D70075B349 /* Resources */,
			);
			buildRules = (
			);
			dependencies = (
			);
			name = PeaceKeeper;
			productName = PeaceKeeper;
			productReference = C137BA391C1F38D70075B349 /* PeaceKeeper.app */;
			productType = "com.apple.product-type.application";
		};
		C137BA541C1F38D80075B349 /* PeaceKeeperTests */ = {
			isa = PBXNativeTarget;
			buildConfigurationList = C137BA6C1C1F38D80075B349 /* Build configuration list for PBXNativeTarget "PeaceKeeperTests" */;
			buildPhases = (
				C137BA511C1F38D80075B349 /* Sources */,
				C137BA521C1F38D80075B349 /* Frameworks */,
				C137BA531C1F38D80075B349 /* Resources */,
			);
			buildRules = (
			);
			dependencies = (
				C137BA571C1F38D80075B349 /* PBXTargetDependency */,
			);
			name = PeaceKeeperTests;
			productName = PeaceKeeperTests;
			productReference = C137BA551C1F38D80075B349 /* PeaceKeeperTests.xctest */;
			productType = "com.apple.product-type.bundle.unit-test";
		};
		C137BA5F1C1F38D80075B349 /* PeaceKeeperUITests */ = {
			isa = PBXNativeTarget;
			buildConfigurationList = C137BA6F1C1F38D80075B349 /* Build configuration list for PBXNativeTarget "PeaceKeeperUITests" */;
			buildPhases = (
				C137BA5C1C1F38D80075B349 /* Sources */,
				C137BA5D1C1F38D80075B349 /* Frameworks */,
				C137BA5E1C1F38D80075B349 /* Resources */,
			);
			buildRules = (
			);
			dependencies = (
				C137BA621C1F38D80075B349 /* PBXTargetDependency */,
			);
			name = PeaceKeeperUITests;
			productName = PeaceKeeperUITests;
			productReference = C137BA601C1F38D80075B349 /* PeaceKeeperUITests.xctest */;
			productType = "com.apple.product-type.bundle.ui-testing";
		};
/* End PBXNativeTarget section */

/* Begin PBXProject section */
		C137BA311C1F38D70075B349 /* Project object */ = {
			isa = PBXProject;
			attributes = {
				LastUpgradeCheck = 0720;
				ORGANIZATIONNAME = "Francisco Ragland";
				TargetAttributes = {
					C137BA381C1F38D70075B349 = {
						CreatedOnToolsVersion = 7.2;
						DevelopmentTeam = 7GG7U7RN7M;
					};
					C137BA541C1F38D80075B349 = {
						CreatedOnToolsVersion = 7.2;
						TestTargetID = C137BA381C1F38D70075B349;
					};
					C137BA5F1C1F38D80075B349 = {
						CreatedOnToolsVersion = 7.2;
						TestTargetID = C137BA381C1F38D70075B349;
					};
				};
			};
			buildConfigurationList = C137BA341C1F38D70075B349 /* Build configuration list for PBXProject "PeaceKeeper" */;
			compatibilityVersion = "Xcode 3.2";
			developmentRegion = English;
			hasScannedForEncodings = 0;
			knownRegions = (
				en,
				Base,
			);
			mainGroup = C137BA301C1F38D70075B349;
			productRefGroup = C137BA3A1C1F38D70075B349 /* Products */;
			projectDirPath = "";
			projectRoot = "";
			targets = (
				C137BA381C1F38D70075B349 /* PeaceKeeper */,
				C137BA541C1F38D80075B349 /* PeaceKeeperTests */,
				C137BA5F1C1F38D80075B349 /* PeaceKeeperUITests */,
			);
		};
/* End PBXProject section */

/* Begin PBXResourcesBuildPhase section */
		C137BA371C1F38D70075B349 /* Resources */ = {
			isa = PBXResourcesBuildPhase;
			buildActionMask = 2147483647;
			files = (
				C137BA4F1C1F38D80075B349 /* LaunchScreen.storyboard in Resources */,
				C137BA4C1C1F38D80075B349 /* Assets.xcassets in Resources */,
				C137BA471C1F38D80075B349 /* Main.storyboard in Resources */,
			);
			runOnlyForDeploymentPostprocessing = 0;
		};
		C137BA531C1F38D80075B349 /* Resources */ = {
			isa = PBXResourcesBuildPhase;
			buildActionMask = 2147483647;
			files = (
			);
			runOnlyForDeploymentPostprocessing = 0;
		};
		C137BA5E1C1F38D80075B349 /* Resources */ = {
			isa = PBXResourcesBuildPhase;
			buildActionMask = 2147483647;
			files = (
			);
			runOnlyForDeploymentPostprocessing = 0;
		};
/* End PBXResourcesBuildPhase section */

/* Begin PBXSourcesBuildPhase section */
		C137BA351C1F38D70075B349 /* Sources */ = {
			isa = PBXSourcesBuildPhase;
			buildActionMask = 2147483647;
			files = (
				A96740A31C1F49830021DB71 /* CreateHouseholdViewController.m in Sources */,
				C137BA441C1F38D80075B349 /* ViewController.m in Sources */,
				964074EA1C209DEC003403CB /* AssignChoreViewController.m in Sources */,
				964074E71C2092F5003403CB /* MakeChoreViewController.m in Sources */,
				96F653D41C1F3F060098A317 /* Household.m in Sources */,
				96F653D61C1F3F060098A317 /* Person.m in Sources */,
				96F653D11C1F3F060098A317 /* Chore+CoreDataProperties.m in Sources */,
				C137BA411C1F38D80075B349 /* AppDelegate.m in Sources */,
				96F654071C1F4BD50098A317 /* CompletedChore+CoreDataProperties.m in Sources */,
				96F653D21C1F3F060098A317 /* Chore.m in Sources */,
				96F654111C1F50C80098A317 /* NSManagedObjectContext+Category.m in Sources */,
				96F653C41C1F3EF60098A317 /* PeaceKeeper.xcdatamodeld in Sources */,
				C137BA3E1C1F38D70075B349 /* main.m in Sources */,
				96F654081C1F4BD50098A317 /* CompletedChore.m in Sources */,
				966C01681C1F61B30028CBF7 /* TimeService.m in Sources */,
				96F653D31C1F3F060098A317 /* Household+CoreDataProperties.m in Sources */,
				964074ED1C209EA0003403CB /* Constants.m in Sources */,
				964074F01C20A9A9003403CB /* Person+CoreDataProperties.m in Sources */,
			);
			runOnlyForDeploymentPostprocessing = 0;
		};
		C137BA511C1F38D80075B349 /* Sources */ = {
			isa = PBXSourcesBuildPhase;
			buildActionMask = 2147483647;
			files = (
				C137BA5A1C1F38D80075B349 /* PeaceKeeperTests.m in Sources */,
			);
			runOnlyForDeploymentPostprocessing = 0;
		};
		C137BA5C1C1F38D80075B349 /* Sources */ = {
			isa = PBXSourcesBuildPhase;
			buildActionMask = 2147483647;
			files = (
				C137BA651C1F38D80075B349 /* PeaceKeeperUITests.m in Sources */,
			);
			runOnlyForDeploymentPostprocessing = 0;
		};
/* End PBXSourcesBuildPhase section */

/* Begin PBXTargetDependency section */
		C137BA571C1F38D80075B349 /* PBXTargetDependency */ = {
			isa = PBXTargetDependency;
			target = C137BA381C1F38D70075B349 /* PeaceKeeper */;
			targetProxy = C137BA561C1F38D80075B349 /* PBXContainerItemProxy */;
		};
		C137BA621C1F38D80075B349 /* PBXTargetDependency */ = {
			isa = PBXTargetDependency;
			target = C137BA381C1F38D70075B349 /* PeaceKeeper */;
			targetProxy = C137BA611C1F38D80075B349 /* PBXContainerItemProxy */;
		};
/* End PBXTargetDependency section */

/* Begin PBXVariantGroup section */
		C137BA451C1F38D80075B349 /* Main.storyboard */ = {
			isa = PBXVariantGroup;
			children = (
				C137BA461C1F38D80075B349 /* Base */,
			);
			name = Main.storyboard;
			path = PeaceKeeper;
			sourceTree = "<group>";
		};
		C137BA4D1C1F38D80075B349 /* LaunchScreen.storyboard */ = {
			isa = PBXVariantGroup;
			children = (
				C137BA4E1C1F38D80075B349 /* Base */,
			);
			name = LaunchScreen.storyboard;
			sourceTree = "<group>";
		};
/* End PBXVariantGroup section */

/* Begin XCBuildConfiguration section */
		C137BA671C1F38D80075B349 /* Debug */ = {
			isa = XCBuildConfiguration;
			buildSettings = {
				ALWAYS_SEARCH_USER_PATHS = NO;
				CLANG_CXX_LANGUAGE_STANDARD = "gnu++0x";
				CLANG_CXX_LIBRARY = "libc++";
				CLANG_ENABLE_MODULES = YES;
				CLANG_ENABLE_OBJC_ARC = YES;
				CLANG_WARN_BOOL_CONVERSION = YES;
				CLANG_WARN_CONSTANT_CONVERSION = YES;
				CLANG_WARN_DIRECT_OBJC_ISA_USAGE = YES_ERROR;
				CLANG_WARN_EMPTY_BODY = YES;
				CLANG_WARN_ENUM_CONVERSION = YES;
				CLANG_WARN_INT_CONVERSION = YES;
				CLANG_WARN_OBJC_ROOT_CLASS = YES_ERROR;
				CLANG_WARN_UNREACHABLE_CODE = YES;
				CLANG_WARN__DUPLICATE_METHOD_MATCH = YES;
				"CODE_SIGN_IDENTITY[sdk=iphoneos*]" = "iPhone Developer";
				COPY_PHASE_STRIP = NO;
				DEBUG_INFORMATION_FORMAT = dwarf;
				ENABLE_STRICT_OBJC_MSGSEND = YES;
				ENABLE_TESTABILITY = YES;
				GCC_C_LANGUAGE_STANDARD = gnu99;
				GCC_DYNAMIC_NO_PIC = NO;
				GCC_NO_COMMON_BLOCKS = YES;
				GCC_OPTIMIZATION_LEVEL = 0;
				GCC_PREPROCESSOR_DEFINITIONS = (
					"DEBUG=1",
					"$(inherited)",
				);
				GCC_WARN_64_TO_32_BIT_CONVERSION = YES;
				GCC_WARN_ABOUT_RETURN_TYPE = YES_ERROR;
				GCC_WARN_UNDECLARED_SELECTOR = YES;
				GCC_WARN_UNINITIALIZED_AUTOS = YES_AGGRESSIVE;
				GCC_WARN_UNUSED_FUNCTION = YES;
				GCC_WARN_UNUSED_VARIABLE = YES;
				IPHONEOS_DEPLOYMENT_TARGET = 9.2;
				MTL_ENABLE_DEBUG_INFO = YES;
				ONLY_ACTIVE_ARCH = YES;
				SDKROOT = iphoneos;
				TARGETED_DEVICE_FAMILY = "1,2";
			};
			name = Debug;
		};
		C137BA681C1F38D80075B349 /* Release */ = {
			isa = XCBuildConfiguration;
			buildSettings = {
				ALWAYS_SEARCH_USER_PATHS = NO;
				CLANG_CXX_LANGUAGE_STANDARD = "gnu++0x";
				CLANG_CXX_LIBRARY = "libc++";
				CLANG_ENABLE_MODULES = YES;
				CLANG_ENABLE_OBJC_ARC = YES;
				CLANG_WARN_BOOL_CONVERSION = YES;
				CLANG_WARN_CONSTANT_CONVERSION = YES;
				CLANG_WARN_DIRECT_OBJC_ISA_USAGE = YES_ERROR;
				CLANG_WARN_EMPTY_BODY = YES;
				CLANG_WARN_ENUM_CONVERSION = YES;
				CLANG_WARN_INT_CONVERSION = YES;
				CLANG_WARN_OBJC_ROOT_CLASS = YES_ERROR;
				CLANG_WARN_UNREACHABLE_CODE = YES;
				CLANG_WARN__DUPLICATE_METHOD_MATCH = YES;
				"CODE_SIGN_IDENTITY[sdk=iphoneos*]" = "iPhone Developer";
				COPY_PHASE_STRIP = NO;
				DEBUG_INFORMATION_FORMAT = "dwarf-with-dsym";
				ENABLE_NS_ASSERTIONS = NO;
				ENABLE_STRICT_OBJC_MSGSEND = YES;
				GCC_C_LANGUAGE_STANDARD = gnu99;
				GCC_NO_COMMON_BLOCKS = YES;
				GCC_WARN_64_TO_32_BIT_CONVERSION = YES;
				GCC_WARN_ABOUT_RETURN_TYPE = YES_ERROR;
				GCC_WARN_UNDECLARED_SELECTOR = YES;
				GCC_WARN_UNINITIALIZED_AUTOS = YES_AGGRESSIVE;
				GCC_WARN_UNUSED_FUNCTION = YES;
				GCC_WARN_UNUSED_VARIABLE = YES;
				IPHONEOS_DEPLOYMENT_TARGET = 9.2;
				MTL_ENABLE_DEBUG_INFO = NO;
				SDKROOT = iphoneos;
				TARGETED_DEVICE_FAMILY = "1,2";
				VALIDATE_PRODUCT = YES;
			};
			name = Release;
		};
		C137BA6A1C1F38D80075B349 /* Debug */ = {
			isa = XCBuildConfiguration;
			buildSettings = {
				ASSETCATALOG_COMPILER_APPICON_NAME = AppIcon;
				CODE_SIGN_IDENTITY = "iPhone Developer";
				"CODE_SIGN_IDENTITY[sdk=iphoneos*]" = "iPhone Developer";
				INFOPLIST_FILE = PeaceKeeper/Info.plist;
				IPHONEOS_DEPLOYMENT_TARGET = 8.0;
				LD_RUNPATH_SEARCH_PATHS = "$(inherited) @executable_path/Frameworks";
				PRODUCT_BUNDLE_IDENTIFIER = com.franciscoragland.PeaceKeeper;
				PRODUCT_NAME = "$(TARGET_NAME)";
				PROVISIONING_PROFILE = "";
			};
			name = Debug;
		};
		C137BA6B1C1F38D80075B349 /* Release */ = {
			isa = XCBuildConfiguration;
			buildSettings = {
				ASSETCATALOG_COMPILER_APPICON_NAME = AppIcon;
				CODE_SIGN_IDENTITY = "iPhone Developer";
				"CODE_SIGN_IDENTITY[sdk=iphoneos*]" = "iPhone Developer";
				INFOPLIST_FILE = PeaceKeeper/Info.plist;
				IPHONEOS_DEPLOYMENT_TARGET = 8.0;
				LD_RUNPATH_SEARCH_PATHS = "$(inherited) @executable_path/Frameworks";
				PRODUCT_BUNDLE_IDENTIFIER = com.franciscoragland.PeaceKeeper;
				PRODUCT_NAME = "$(TARGET_NAME)";
				PROVISIONING_PROFILE = "";
			};
			name = Release;
		};
		C137BA6D1C1F38D80075B349 /* Debug */ = {
			isa = XCBuildConfiguration;
			buildSettings = {
				BUNDLE_LOADER = "$(TEST_HOST)";
				INFOPLIST_FILE = PeaceKeeperTests/Info.plist;
				LD_RUNPATH_SEARCH_PATHS = "$(inherited) @executable_path/Frameworks @loader_path/Frameworks";
				PRODUCT_BUNDLE_IDENTIFIER = com.franciscoragland.PeaceKeeperTests;
				PRODUCT_NAME = "$(TARGET_NAME)";
				TEST_HOST = "$(BUILT_PRODUCTS_DIR)/PeaceKeeper.app/PeaceKeeper";
			};
			name = Debug;
		};
		C137BA6E1C1F38D80075B349 /* Release */ = {
			isa = XCBuildConfiguration;
			buildSettings = {
				BUNDLE_LOADER = "$(TEST_HOST)";
				INFOPLIST_FILE = PeaceKeeperTests/Info.plist;
				LD_RUNPATH_SEARCH_PATHS = "$(inherited) @executable_path/Frameworks @loader_path/Frameworks";
				PRODUCT_BUNDLE_IDENTIFIER = com.franciscoragland.PeaceKeeperTests;
				PRODUCT_NAME = "$(TARGET_NAME)";
				TEST_HOST = "$(BUILT_PRODUCTS_DIR)/PeaceKeeper.app/PeaceKeeper";
			};
			name = Release;
		};
		C137BA701C1F38D80075B349 /* Debug */ = {
			isa = XCBuildConfiguration;
			buildSettings = {
				INFOPLIST_FILE = PeaceKeeperUITests/Info.plist;
				LD_RUNPATH_SEARCH_PATHS = "$(inherited) @executable_path/Frameworks @loader_path/Frameworks";
				PRODUCT_BUNDLE_IDENTIFIER = com.franciscoragland.PeaceKeeperUITests;
				PRODUCT_NAME = "$(TARGET_NAME)";
				TEST_TARGET_NAME = PeaceKeeper;
				USES_XCTRUNNER = YES;
			};
			name = Debug;
		};
		C137BA711C1F38D80075B349 /* Release */ = {
			isa = XCBuildConfiguration;
			buildSettings = {
				INFOPLIST_FILE = PeaceKeeperUITests/Info.plist;
				LD_RUNPATH_SEARCH_PATHS = "$(inherited) @executable_path/Frameworks @loader_path/Frameworks";
				PRODUCT_BUNDLE_IDENTIFIER = com.franciscoragland.PeaceKeeperUITests;
				PRODUCT_NAME = "$(TARGET_NAME)";
				TEST_TARGET_NAME = PeaceKeeper;
				USES_XCTRUNNER = YES;
			};
			name = Release;
		};
/* End XCBuildConfiguration section */

/* Begin XCConfigurationList section */
		C137BA341C1F38D70075B349 /* Build configuration list for PBXProject "PeaceKeeper" */ = {
			isa = XCConfigurationList;
			buildConfigurations = (
				C137BA671C1F38D80075B349 /* Debug */,
				C137BA681C1F38D80075B349 /* Release */,
			);
			defaultConfigurationIsVisible = 0;
			defaultConfigurationName = Release;
		};
		C137BA691C1F38D80075B349 /* Build configuration list for PBXNativeTarget "PeaceKeeper" */ = {
			isa = XCConfigurationList;
			buildConfigurations = (
				C137BA6A1C1F38D80075B349 /* Debug */,
				C137BA6B1C1F38D80075B349 /* Release */,
			);
			defaultConfigurationIsVisible = 0;
			defaultConfigurationName = Release;
		};
		C137BA6C1C1F38D80075B349 /* Build configuration list for PBXNativeTarget "PeaceKeeperTests" */ = {
			isa = XCConfigurationList;
			buildConfigurations = (
				C137BA6D1C1F38D80075B349 /* Debug */,
				C137BA6E1C1F38D80075B349 /* Release */,
			);
			defaultConfigurationIsVisible = 0;
			defaultConfigurationName = Release;
		};
		C137BA6F1C1F38D80075B349 /* Build configuration list for PBXNativeTarget "PeaceKeeperUITests" */ = {
			isa = XCConfigurationList;
			buildConfigurations = (
				C137BA701C1F38D80075B349 /* Debug */,
				C137BA711C1F38D80075B349 /* Release */,
			);
			defaultConfigurationIsVisible = 0;
			defaultConfigurationName = Release;
		};
/* End XCConfigurationList section */

/* Begin XCVersionGroup section */
		96F653C21C1F3EF60098A317 /* PeaceKeeper.xcdatamodeld */ = {
			isa = XCVersionGroup;
			children = (
				96F653C31C1F3EF60098A317 /* PeaceKeeper.xcdatamodel */,
			);
			currentVersion = 96F653C31C1F3EF60098A317 /* PeaceKeeper.xcdatamodel */;
			name = PeaceKeeper.xcdatamodeld;
			path = PeaceKeeper/PeaceKeeper.xcdatamodeld;
			sourceTree = "<group>";
			versionGroupType = wrapper.xcdatamodel;
		};
/* End XCVersionGroup section */
	};
	rootObject = C137BA311C1F38D70075B349 /* Project object */;
}
